
Microsoft Visual Studio Solution File, Format Version 12.00
Project("{FAE04EC0-301F-11D3-BF4B-00C04F79EFBC}") = "BlockBlast", "BlockBlast\BlockBlast.csproj", "{BF820B36-269B-491C-803F-0FEDC4A9B38B}"
EndProject
Global
	GlobalSection(SolutionConfigurationPlatforms) = preSolution
		Debug|Any CPU = Debug|Any CPU
		Release|Any CPU = Release|Any CPU
	EndGlobalSection
	GlobalSection(ProjectConfigurationPlatforms) = postSolution
		{BF820B36-269B-491C-803F-0FEDC4A9B38B}.Debug|Any CPU.ActiveCfg = Debug|Any CPU
		{BF820B36-269B-491C-803F-0FEDC4A9B38B}.Debug|Any CPU.Build.0 = Debug|Any CPU
		{BF820B36-269B-491C-803F-0FEDC4A9B38B}.Release|Any CPU.ActiveCfg = Release|Any CPU
		{BF820B36-269B-491C-803F-0FEDC4A9B38B}.Release|Any CPU.Build.0 = Release|Any CPU
	EndGlobalSection
EndGlobal
